
Microsoft Visual Studio Solution File, Format Version 12.00
# Visual Studio Version 16
VisualStudioVersion = 16.0.30011.22
MinimumVisualStudioVersion = 10.0.40219.1
Project("{8BC9CEB8-8B4A-11D0-8D11-00A0C91BC942}") = "deskeypc", "deskeypc\deskeypc.vcxproj", "{7025A383-2E3F-45BC-99BF-885FE00FE765}"
EndProject
Global
	GlobalSection(SolutionConfigurationPlatforms) = preSolution
		Debug|x64 = Debug|x64
		Debug|x86 = Debug|x86
		Release|x64 = Release|x64
		Release|x86 = Release|x86
	EndGlobalSection
	GlobalSection(ProjectConfigurationPlatforms) = postSolution
		{7025A383-2E3F-45BC-99BF-885FE00FE765}.Debug|x64.ActiveCfg = Debug|x64
		{7025A383-2E3F-45BC-99BF-885FE00FE765}.Debug|x64.Build.0 = Debug|x64
		{7025A383-2E3F-45BC-99BF-885FE00FE765}.Debug|x86.ActiveCfg = Debug|Win32
		{7025A383-2E3F-45BC-99BF-885FE00FE765}.Debug|x86.Build.0 = Debug|Win32
		{7025A383-2E3F-45BC-99BF-885FE00FE765}.Release|x64.ActiveCfg = Release|x64
		{7025A383-2E3F-45BC-99BF-885FE00FE765}.Release|x64.Build.0 = Release|x64
		{7025A383-2E3F-45BC-99BF-885FE00FE765}.Release|x86.ActiveCfg = Release|Win32
		{7025A383-2E3F-45BC-99BF-885FE00FE765}.Release|x86.Build.0 = Release|Win32
	EndGlobalSection
	GlobalSection(SolutionProperties) = preSolution
		HideSolutionNode = FALSE
	EndGlobalSection
	GlobalSection(ExtensibilityGlobals) = postSolution
		SolutionGuid = {F60F33B4-1FE2-4F93-B92D-B2D7A4E9FA41}
	EndGlobalSection
EndGlobal
